
Microsoft Visual Studio Solution File, Format Version 12.00
# Visual Studio 15
VisualStudioVersion = 15.0.26730.8
MinimumVisualStudioVersion = 10.0.40219.1
Project("{FAE04EC0-301F-11D3-BF4B-00C04F79EFBC}") = "chat", "chat\chat.csproj", "{BC04A1C6-9940-434A-972B-EA53B17C7398}"
EndProject
Global
	GlobalSection(SolutionConfigurationPlatforms) = preSolution
		Debug|Any CPU = Debug|Any CPU
		Release|Any CPU = Release|Any CPU
	EndGlobalSection
	GlobalSection(ProjectConfigurationPlatforms) = postSolution
		{BC04A1C6-9940-434A-972B-EA53B17C7398}.Debug|Any CPU.ActiveCfg = Debug|Any CPU
		{BC04A1C6-9940-434A-972B-EA53B17C7398}.Debug|Any CPU.Build.0 = Debug|Any CPU
		{BC04A1C6-9940-434A-972B-EA53B17C7398}.Release|Any CPU.ActiveCfg = Release|Any CPU
		{BC04A1C6-9940-434A-972B-EA53B17C7398}.Release|Any CPU.Build.0 = Release|Any CPU
	EndGlobalSection
	GlobalSection(SolutionProperties) = preSolution
		HideSolutionNode = FALSE
	EndGlobalSection
	GlobalSection(ExtensibilityGlobals) = postSolution
		SolutionGuid = {9065EBF3-6D03-4DE9-AE91-D40C30DC4B32}
	EndGlobalSection
EndGlobal
